version = 1
revision = 3
requires-python = ">=3.13"

[[package]]
name = "colorama"
version = "0.4.6"
source = { registry = "https://pypi.org/simple" }
sdist = { url = "https://files.pythonhosted.org/packages/d8/53/6f443c9a4a8358a93a6792e2acffb9d9d5cb0a5cfd8802644b7b1c9a02e4/colorama-0.4.6.tar.gz", hash = "sha256:08695f5cb7ed6e0531a20572697297273c47b8cae5a63ffc6d6ed5c201be6e44", size = 27697, upload-time = "2022-10-25T02:36:22.414Z" }
wheels = [
    { url = "https://files.pythonhosted.org/packages/d1/d6/3965ed04c63042e047cb6a3e6ed1a63a35087b6a609aa3a15ed8ac56c221/colorama-0.4.6-py2.py3-none-any.whl", hash = "sha256:4f1d9991f5acc0ca119f9d443620b77f9d6b33703e51011c16baf57afb285fc6", size = 25335, upload-time = "2022-10-25T02:36:20.889Z" },
]

[[package]]
name = "iniconfig"
version = "2.1.0"
source = { registry = "https://pypi.org/simple" }
sdist = { url = "https://files.pythonhosted.org/packages/f2/97/ebf4da567aa6827c909642694d71c9fcf53e5b504f2d96afea02718862f3/iniconfig-2.1.0.tar.gz", hash = "sha256:3abbd2e30b36733fee78f9c7f7308f2d0050e88f0087fd25c2645f63c773e1c7", size = 4793, upload-time = "2025-03-19T20:09:59.721Z" }
wheels = [
    { url = "https://files.pythonhosted.org/packages/2c/e1/e6716421ea10d38022b952c159d5161ca1193197fb744506875fbb87ea7b/iniconfig-2.1.0-py3-none-any.whl", hash = "sha256:9deba5723312380e77435581c6bf4935c94cbfab9b1ed33ef8d238ea168eb760", size = 6050, upload-time = "2025-03-19T20:10:01.071Z" },
]

[[package]]
name = "packaging"
version = "25.0"
source = { registry = "https://pypi.org/simple" }
sdist = { url = "https://files.pythonhosted.org/packages/a1/d4/1fc4078c65507b51b96ca8f8c3ba19e6a61c8253c72794544580a7b6c24d/packaging-25.0.tar.gz", hash = "sha256:d443872c98d677bf60f6a1f2f8c1cb748e8fe762d2bf9d3148b5599295b0fc4f", size = 165727, upload-time = "2025-04-19T11:48:59.673Z" }
wheels = [
    { url = "https://files.pythonhosted.org/packages/20/12/38679034af332785aac8774540895e234f4d07f7545804097de4b666afd8/packaging-25.0-py3-none-any.whl", hash = "sha256:29572ef2b1f17581046b3a2227d5c611fb25ec70ca1ba8554b24b0e69331a484", size = 66469, upload-time = "2025-04-19T11:48:57.875Z" },
]

[[package]]
name = "pluggy"
version = "1.5.0"
source = { registry = "https://pypi.org/simple" }
sdist = { url = "https://files.pythonhosted.org/packages/96/2d/02d4312c973c6050a18b314a5ad0b3210edb65a906f868e31c111dede4a6/pluggy-1.5.0.tar.gz", hash = "sha256:2cffa88e94fdc978c4c574f15f9e59b7f4201d439195c3715ca9e2486f1d0cf1", size = 67955, upload-time = "2024-04-20T21:34:42.531Z" }
wheels = [
    { url = "https://files.pythonhosted.org/packages/88/5f/e351af9a41f866ac3f1fac4ca0613908d9a41741cfcf2228f4ad853b697d/pluggy-1.5.0-py3-none-any.whl", hash = "sha256:44e1ad92c8ca002de6377e165f3e0f1be63266ab4d554740532335b9d75ea669", size = 20556, upload-time = "2024-04-20T21:34:40.434Z" },
]

[[package]]
name = "prek"
version = "0.3.4"
source = { registry = "https://pypi.org/simple" }
sdist = { url = "https://files.pythonhosted.org/packages/c6/51/2324eaad93a4b144853ca1c56da76f357d3a70c7b4fd6659e972d7bb8660/prek-0.3.4.tar.gz", hash = "sha256:56a74d02d8b7dfe3c774ecfcd8c1b4e5f1e1b84369043a8003e8e3a779fce72d", size = 356633, upload-time = "2026-02-28T03:47:13.452Z" }
wheels = [
    { url = "https://files.pythonhosted.org/packages/09/20/1a964cb72582307c2f1dc7f583caab90f42810ad41551e5220592406a4c3/prek-0.3.4-py3-none-linux_armv6l.whl", hash = "sha256:c35192d6e23fe7406bd2f333d1c7dab1a4b34ab9289789f453170f33550aa74d", size = 4641915, upload-time = "2026-02-28T03:47:03.772Z" },
    { url = "https://files.pythonhosted.org/packages/c5/cb/4a21f37102bac37e415b61818344aa85de8d29a581253afa7db8c08d5a33/prek-0.3.4-py3-none-macosx_10_12_x86_64.whl", hash = "sha256:6f784d78de72a8bbe58a5fe7bde787c364ae88f0aff5222c5c5c7287876c510a", size = 4649166, upload-time = "2026-02-28T03:47:06.164Z" },
    { url = "https://files.pythonhosted.org/packages/85/9c/a7c0d117a098d57931428bdb60fcb796e0ebc0478c59288017a2e22eca96/prek-0.3.4-py3-none-macosx_11_0_arm64.whl", hash = "sha256:50a43f522625e8c968e8c9992accf9e29017abad6c782d6d176b73145ad680b7", size = 4274422, upload-time = "2026-02-28T03:46:59.356Z" },
    { url = "https://files.pythonhosted.org/packages/59/84/81d06df1724d09266df97599a02543d82fde7dfaefd192f09d9b2ccb092f/prek-0.3.4-py3-none-manylinux_2_17_aarch64.manylinux2014_aarch64.musllinux_1_1_aarch64.whl", hash = "sha256:4bbb1d3912a88935f35c6ba4466b4242732e3e3a8c608623c708e83cea85de00", size = 4629873, upload-time = "2026-02-28T03:46:56.419Z" },
    { url = "https://files.pythonhosted.org/packages/09/cd/bb0aefa25cfacd8dbced75b9a9d9945707707867fa5635fb69ae1bbc2d88/prek-0.3.4-py3-none-manylinux_2_17_armv7l.manylinux2014_armv7l.whl", hash = "sha256:ca4d4134db8f6e8de3c418317becdf428957e3cab271807f475318105fd46d04", size = 4552507, upload-time = "2026-02-28T03:47:05.004Z" },
    { url = "https://files.pythonhosted.org/packages/9b/c0/578a7af4861afb64ec81c03bfdcc1bb3341bb61f2fff8a094ecf13987a56/prek-0.3.4-py3-none-manylinux_2_17_i686.manylinux2014_i686.whl", hash = "sha256:7fb6395f6eb76133bb1e11fc718db8144522466cdc2e541d05e7813d1bbcae7d", size = 4865929, upload-time = "2026-02-28T03:47:09.231Z" },
    { url = "https://files.pythonhosted.org/packages/fc/48/f169406590028f7698ef2e1ff5bffd92ca05e017636c1163a2f5ef0f8275/prek-0.3.4-py3-none-manylinux_2_17_s390x.manylinux2014_s390x.whl", hash = "sha256:aae17813239ddcb4ae7b38418de4d49afff740f48f8e0556029c96f58e350412", size = 5390286, upload-time = "2026-02-28T03:47:10.796Z" },
    { url = "https://files.pythonhosted.org/packages/05/c5/98a73fec052059c3ae06ce105bef67caca42334c56d84e9ef75df72ba152/prek-0.3.4-py3-none-manylinux_2_17_x86_64.manylinux2014_x86_64.whl", hash = "sha256:10a621a690d9c127afc3d21c275030d364d1fbef3296c095068d3ae80a59546e", size = 4891028, upload-time = "2026-02-28T03:47:07.916Z" },
    { url = "https://files.pythonhosted.org/packages/a3/b4/029966e35e59b59c142be7e1d2208ad261709ac1a66aa4a3ce33c5b9f91f/prek-0.3.4-py3-none-manylinux_2_28_aarch64.whl", hash = "sha256:d978c31bc3b1f0b3d58895b7c6ac26f077e0ea846da54f46aeee4c7088b1b105", size = 4633986, upload-time = "2026-02-28T03:47:14.351Z" },
    { url = "https://files.pythonhosted.org/packages/1d/27/d122802555745b6940c99fcb41496001c192ddcdf56ec947ec10a0298e05/prek-0.3.4-py3-none-manylinux_2_31_riscv64.whl", hash = "sha256:a8e089a030f0a023c22a4bb2ec4ff3fcc153585d701cff67acbfca2f37e173ae", size = 4680722, upload-time = "2026-02-28T03:47:12.224Z" },
    { url = "https://files.pythonhosted.org/packages/34/40/92318c96b3a67b4e62ed82741016ede34d97ea9579d3cc1332b167632222/prek-0.3.4-py3-none-musllinux_1_1_armv7l.whl", hash = "sha256:8060c72b764f0b88112616763da9dd3a7c293e010f8520b74079893096160a2f", size = 4535623, upload-time = "2026-02-28T03:46:52.221Z" },
    { url = "https://files.pythonhosted.org/packages/df/f5/6b383d94e722637da4926b4f609d36fe432827bb6f035ad46ee02bde66b6/prek-0.3.4-py3-none-musllinux_1_1_i686.whl", hash = "sha256:65b23268456b5a763278d4e1ec532f2df33918f13ded85869a1ddff761eb9697", size = 4729879, upload-time = "2026-02-28T03:46:57.886Z" },
    { url = "https://files.pythonhosted.org/packages/79/f8/fdc705b807d813fd713ffa4f67f96741542ed1dafbb221206078c06f3df4/prek-0.3.4-py3-none-musllinux_1_1_x86_64.whl", hash = "sha256:3975c61139c7b3200e38dc3955e050b0f2615701d3deb9715696a902e850509e", size = 5001569, upload-time = "2026-02-28T03:47:00.892Z" },
    { url = "https://files.pythonhosted.org/packages/84/92/b007a41f58e8192a1e611a21b396ad870d51d7873b7af12068ebae7fc15f/prek-0.3.4-py3-none-win32.whl", hash = "sha256:37449ae82f4dc08b72e542401e3d7318f05d1163e87c31ab260a40f425d6516e", size = 4297057, upload-time = "2026-02-28T03:47:02.219Z" },
    { url = "https://files.pythonhosted.org/packages/bb/dc/bcb02de9b11461e8e0c7d3c8fdf8cfa15ac6efe73472a4375549ba5defd2/prek-0.3.4-py3-none-win_amd64.whl", hash = "sha256:60e9aa86ca65de963510ae28c5d94b9d7a97bcbaa6e4cdb5bf5083ed4c45dc71", size = 4655174, upload-time = "2026-02-28T03:46:53.749Z" },
    { url = "https://files.pythonhosted.org/packages/0b/86/98f5598569f4cd3de7161e266fab6a8981e65555f79d4704810c1502ad0a/prek-0.3.4-py3-none-win_arm64.whl", hash = "sha256:486bdae8f4512d3b4f6eb61b83e5b7595da2adca385af4b2b7823c0ab38d1827", size = 4367817, upload-time = "2026-02-28T03:46:55.264Z" },
]

[[package]]
name = "py-uv-boilerplate"
version = "0.1.0"
source = { virtual = "." }
dependencies = [
    { name = "prek" },
]

[package.optional-dependencies]
dev = [
    { name = "pytest" },
    { name = "ty" },
]

[package.metadata]
requires-dist = [
    { name = "prek", specifier = ">=0.3.4" },
    { name = "pytest", marker = "extra == 'dev'" },
    { name = "ty", marker = "extra == 'dev'", specifier = ">=0.0.19" },
]
provides-extras = ["dev"]

[[package]]
name = "pytest"
version = "8.3.5"
source = { registry = "https://pypi.org/simple" }
dependencies = [
    { name = "colorama", marker = "sys_platform == 'win32'" },
    { name = "iniconfig" },
    { name = "packaging" },
    { name = "pluggy" },
]
sdist = { url = "https://files.pythonhosted.org/packages/ae/3c/c9d525a414d506893f0cd8a8d0de7706446213181570cdbd766691164e40/pytest-8.3.5.tar.gz", hash = "sha256:f4efe70cc14e511565ac476b57c279e12a855b11f48f212af1080ef2263d3845", size = 1450891, upload-time = "2025-03-02T12:54:54.503Z" }
wheels = [
    { url = "https://files.pythonhosted.org/packages/30/3d/64ad57c803f1fa1e963a7946b6e0fea4a70df53c1a7fed304586539c2bac/pytest-8.3.5-py3-none-any.whl", hash = "sha256:c69214aa47deac29fad6c2a4f590b9c4a9fdb16a403176fe154b79c0b4d4d820", size = 343634, upload-time = "2025-03-02T12:54:52.069Z" },
]

[[package]]
name = "ty"
version = "0.0.19"
source = { registry = "https://pypi.org/simple" }
sdist = { url = "https://files.pythonhosted.org/packages/84/5e/da108b9eeb392e02ff0478a34e9651490b36af295881cb56575b83f0cc3a/ty-0.0.19.tar.gz", hash = "sha256:ee3d9ed4cb586e77f6efe3d0fe5a855673ca438a3d533a27598e1d3502a2948a", size = 5220026, upload-time = "2026-02-26T12:13:15.215Z" }
wheels = [
    { url = "https://files.pythonhosted.org/packages/5a/31/fd8c6067abb275bea11523d21ecf64e1d870b1ce80cac529cf6636df1471/ty-0.0.19-py3-none-linux_armv6l.whl", hash = "sha256:29bed05d34c8a7597567b8e327c53c1aed4a07dcfbe6c81e6d60c7444936ad77", size = 10268470, upload-time = "2026-02-26T12:13:42.881Z" },
    { url = "https://files.pythonhosted.org/packages/15/de/16a11bbf7d98c75849fc41f5d008b89bb5d080a4b10dc8ea851ee2bd371b/ty-0.0.19-py3-none-macosx_10_12_x86_64.whl", hash = "sha256:79140870c688c97ec68e723c28935ddef9d91a76d48c68e665fe7c851e628b8a", size = 10098562, upload-time = "2026-02-26T12:13:31.618Z" },
    { url = "https://files.pythonhosted.org/packages/e7/4f/086d6ff6686eadf903913c45b53ab96694b62bbfee1d8cf3e55a9b5aa4b2/ty-0.0.19-py3-none-macosx_11_0_arm64.whl", hash = "sha256:6e9c1f9cfa6a26f7881d14d75cf963af743f6c4189e6aa3e3b4056a65f22e730", size = 9604073, upload-time = "2026-02-26T12:13:24.645Z" },
    { url = "https://files.pythonhosted.org/packages/95/13/888a6b6c7ed4a880fee91bec997f775153ce86215ee4c56b868516314734/ty-0.0.19-py3-none-manylinux_2_17_aarch64.manylinux2014_aarch64.whl", hash = "sha256:bbca43b050edf1db2e64ae7b79add233c2aea2855b8a876081bbd032edcd0610", size = 10106295, upload-time = "2026-02-26T12:13:40.584Z" },
    { url = "https://files.pythonhosted.org/packages/cb/e8/05a372cae8da482de73b8246fb43236bf11e24ac28c879804568108759db/ty-0.0.19-py3-none-manylinux_2_17_armv7l.manylinux2014_armv7l.whl", hash = "sha256:8acaa88ab1955ca6b15a0ccc274011c4961377fe65c3948e5d2b212f2517b87c", size = 10098234, upload-time = "2026-02-26T12:13:33.725Z" },
    { url = "https://files.pythonhosted.org/packages/c5/f1/5b0958e9e9576e7662192fe689bbb3dc88e631a4e073db3047793a547d58/ty-0.0.19-py3-none-manylinux_2_17_i686.manylinux2014_i686.whl", hash = "sha256:4a901b6a6dd9d17d5b3b2e7bafc3057294e88da3f5de507347316687d7f191a1", size = 10607218, upload-time = "2026-02-26T12:13:17.576Z" },
    { url = "https://files.pythonhosted.org/packages/fb/ab/358c78b77844f58ff5aca368550ab16c719f1ab0ec892ceb1114d7500f4e/ty-0.0.19-py3-none-manylinux_2_17_ppc64le.manylinux2014_ppc64le.whl", hash = "sha256:8deafdaaaee65fd121c66064da74a922d8501be4a2d50049c71eab521a23eff7", size = 11160593, upload-time = "2026-02-26T12:13:36.008Z" },
    { url = "https://files.pythonhosted.org/packages/95/59/827fc346d66a59fe48e9689a5ceb67dbbd5b4de2e8d4625371af39a2e8b7/ty-0.0.19-py3-none-manylinux_2_17_s390x.manylinux2014_s390x.whl", hash = "sha256:035e56071af280897441018f74f921b97d53aec0856f8af85f4f949df8eda07d", size = 10822392, upload-time = "2026-02-26T12:13:29.415Z" },
    { url = "https://files.pythonhosted.org/packages/81/f9/3bbfbbe35478de9bcd63848f4bc9bffda72278dd9732dbad3efc3978432e/ty-0.0.19-py3-none-manylinux_2_17_x86_64.manylinux2014_x86_64.whl", hash = "sha256:abdf5885130393ce74501dba792f48ce0a515756ec81c33a4b324bdf3509df6e", size = 10707139, upload-time = "2026-02-26T12:13:20.148Z" },
    { url = "https://files.pythonhosted.org/packages/12/9e/597023b183ec4ade83a36a0cea5c103f3bffa34f70813d46386c61447fb8/ty-0.0.19-py3-none-musllinux_1_2_aarch64.whl", hash = "sha256:877e89005c8f9d1dbff5ad14cbac9f35c528406fde38926f9b44f24830de8d6a", size = 10096933, upload-time = "2026-02-26T12:13:45.266Z" },
    { url = "https://files.pythonhosted.org/packages/1e/76/d0d2f6e674db2a17c8efa5e26682b9dfa8d34774705f35902a7b45ebd3bd/ty-0.0.19-py3-none-musllinux_1_2_armv7l.whl", hash = "sha256:39bd1da051c1e4d316efaf79dbed313255633f7c6ad6e24d29f4d9c6ffaf4de6", size = 10109547, upload-time = "2026-02-26T12:13:22.17Z" },
    { url = "https://files.pythonhosted.org/packages/a4/b0/76026c06b852a3aa4fdb5bd329fdc2175aaf3c64a3fafece9cc4df167cee/ty-0.0.19-py3-none-musllinux_1_2_i686.whl", hash = "sha256:87df8415a6c9cb27b8f1382fcdc6052e59f5b9f50f78bc14663197eb5c8d3699", size = 10289110, upload-time = "2026-02-26T12:13:38.29Z" },
    { url = "https://files.pythonhosted.org/packages/14/6c/f3b3a189816b4f079b20fe5d0d7ee38e38a472f53cc6770bb6571147e3de/ty-0.0.19-py3-none-musllinux_1_2_x86_64.whl", hash = "sha256:89b6bb23c332ed5c38dd859eb5793f887abcc936f681a40d4ea68e35eac1af33", size = 10796479, upload-time = "2026-02-26T12:13:10.992Z" },
    { url = "https://files.pythonhosted.org/packages/3d/18/caee33d1ce9dd50bd94c26cde7cda4f6971e22e474e7d72a5c86d745ad58/ty-0.0.19-py3-none-win32.whl", hash = "sha256:19b33df3aa7af7b1a9eaa4e1175c3b4dec0f5f2e140243e3492c8355c37418f3", size = 9677215, upload-time = "2026-02-26T12:13:08.519Z" },
    { url = "https://files.pythonhosted.org/packages/81/41/18fc0771d0b1da7d7cc2fc9af278d3122b754fe8b521a748734f4e16ecfd/ty-0.0.19-py3-none-win_amd64.whl", hash = "sha256:b9052c61464cdd76bc8e6796f2588c08700f25d0dcbc225bb165e390ea9d96a4", size = 10651252, upload-time = "2026-02-26T12:13:13.035Z" },
    { url = "https://files.pythonhosted.org/packages/8b/8c/26f7ce8863eb54510082747b3dfb1046ba24f16fc11de18c0e5feb36ff18/ty-0.0.19-py3-none-win_arm64.whl", hash = "sha256:9329804b66dcbae8e7af916ef4963221ed53b8ec7d09b0793591c5ae8a0f3270", size = 10093195, upload-time = "2026-02-26T12:13:26.816Z" },
]
